// !$*UTF8*$!
{
	archiveVersion = 1;
	classes = {
	};
	objectVersion = 50;
	objects = {

/* Begin PBXBuildFile section */
		31FAF44CD077063C40D18960 /* libPods-gtowntv.a in Frameworks */ = {isa = PBXBuildFile; fileRef = 64C518F3102B071642C98990 /* libPods-gtowntv.a */; };
		4B0B6A6B2148983F008F1020 /* LastFM.swift in Sources */ = {isa = PBXBuildFile; fileRef = 4B0B6A6A2148983F008F1020 /* LastFM.swift */; };
		4B173B9421A5685B00010F90 /* AppDelegate.swift in Sources */ = {isa = PBXBuildFile; fileRef = 4B173B9321A5685B00010F90 /* AppDelegate.swift */; };
		4B173B9621A5685B00010F90 /* ViewController.swift in Sources */ = {isa = PBXBuildFile; fileRef = 4B173B9521A5685B00010F90 /* ViewController.swift */; };
		4B173B9921A5685B00010F90 /* Main.storyboard in Resources */ = {isa = PBXBuildFile; fileRef = 4B173B9721A5685B00010F90 /* Main.storyboard */; };
		4B173B9B21A5685C00010F90 /* Assets.xcassets in Resources */ = {isa = PBXBuildFile; fileRef = 4B173B9A21A5685C00010F90 /* Assets.xcassets */; };
		4B17B05E218A4BB700B6F3A6 /* Constants.swift in Sources */ = {isa = PBXBuildFile; fileRef = 4B17B05D218A4BB700B6F3A6 /* Constants.swift */; };
		4B17B060218A51EA00B6F3A6 /* SettingsViewController.swift in Sources */ = {isa = PBXBuildFile; fileRef = 4B17B05F218A51EA00B6F3A6 /* SettingsViewController.swift */; };
		4B17B062218A70A200B6F3A6 /* UserDefaults_GTownExtension.swift in Sources */ = {isa = PBXBuildFile; fileRef = 4B17B061218A70A200B6F3A6 /* UserDefaults_GTownExtension.swift */; };
		4B2E98CF21582C9900DB8B2C /* Assets.xcassets in Resources */ = {isa = PBXBuildFile; fileRef = 4B2E98CE21582C9900DB8B2C /* Assets.xcassets */; };
		4B30194A2143059800DD05D4 /* AppDelegate.swift in Sources */ = {isa = PBXBuildFile; fileRef = 4B3019492143059800DD05D4 /* AppDelegate.swift */; };
		4B30194C2143059800DD05D4 /* GTownViewController.swift in Sources */ = {isa = PBXBuildFile; fileRef = 4B30194B2143059800DD05D4 /* GTownViewController.swift */; };
		4B3019512143059800DD05D4 /* Main.storyboard in Resources */ = {isa = PBXBuildFile; fileRef = 4B30194F2143059800DD05D4 /* Main.storyboard */; };
		4B3019562143059A00DD05D4 /* LaunchScreen.storyboard in Resources */ = {isa = PBXBuildFile; fileRef = 4B3019542143059A00DD05D4 /* LaunchScreen.storyboard */; };
		4B417D8E2157D7F5008F2262 /* StringExtension.swift in Sources */ = {isa = PBXBuildFile; fileRef = 4B417D8D2157D7F5008F2262 /* StringExtension.swift */; };
		4B417D90215804CB008F2262 /* NowPlayingViewController.swift in Sources */ = {isa = PBXBuildFile; fileRef = 4B417D8F215804CB008F2262 /* NowPlayingViewController.swift */; };
		4B4C9DD62177A62900EB99A4 /* loading.gif in Resources */ = {isa = PBXBuildFile; fileRef = 4B4C9DD42177A62900EB99A4 /* loading.gif */; };
		4B809169215B09A000C09471 /* SVGPlayButton.swift in Sources */ = {isa = PBXBuildFile; fileRef = 4B809165215B09A000C09471 /* SVGPlayButton.swift */; };
		4B80916A215B09A000C09471 /* README.md in Resources */ = {isa = PBXBuildFile; fileRef = 4B809166215B09A000C09471 /* README.md */; };
		4B8A019321865C2B00DFFAB9 /* LightNavController.swift in Sources */ = {isa = PBXBuildFile; fileRef = 4B8A019221865C2B00DFFAB9 /* LightNavController.swift */; };
		4B8A01952186631300DFFAB9 /* MediaPlayer.framework in Frameworks */ = {isa = PBXBuildFile; fileRef = 4B8A01942186631300DFFAB9 /* MediaPlayer.framework */; };
		4BE9195D2147294F0034E739 /* NowPlayingTask.swift in Sources */ = {isa = PBXBuildFile; fileRef = 4BE9195C2147294F0034E739 /* NowPlayingTask.swift */; };
		C5D25FC009221D1F1EA77B01 /* libPods-gtownradio.a in Frameworks */ = {isa = PBXBuildFile; fileRef = E1B2D2A7A1FCD12E626B1F4B /* libPods-gtownradio.a */; };
/* End PBXBuildFile section */

/* Begin PBXFileReference section */
		4B0B6A6A2148983F008F1020 /* LastFM.swift */ = {isa = PBXFileReference; lastKnownFileType = sourcecode.swift; name = LastFM.swift; path = GTownRadio/LastFM.swift; sourceTree = SOURCE_ROOT; };
		4B173B9121A5685B00010F90 /* gtowntv.app */ = {isa = PBXFileReference; explicitFileType = wrapper.application; includeInIndex = 0; path = gtowntv.app; sourceTree = BUILT_PRODUCTS_DIR; };
		4B173B9321A5685B00010F90 /* AppDelegate.swift */ = {isa = PBXFileReference; lastKnownFileType = sourcecode.swift; path = AppDelegate.swift; sourceTree = "<group>"; };
		4B173B9521A5685B00010F90 /* ViewController.swift */ = {isa = PBXFileReference; lastKnownFileType = sourcecode.swift; path = ViewController.swift; sourceTree = "<group>"; };
		4B173B9821A5685B00010F90 /* Base */ = {isa = PBXFileReference; lastKnownFileType = file.storyboard; name = Base; path = Base.lproj/Main.storyboard; sourceTree = "<group>"; };
		4B173B9A21A5685C00010F90 /* Assets.xcassets */ = {isa = PBXFileReference; lastKnownFileType = folder.assetcatalog; path = Assets.xcassets; sourceTree = "<group>"; };
		4B173B9C21A5685C00010F90 /* Info.plist */ = {isa = PBXFileReference; lastKnownFileType = text.plist.xml; path = Info.plist; sourceTree = "<group>"; };
		4B17B05D218A4BB700B6F3A6 /* Constants.swift */ = {isa = PBXFileReference; lastKnownFileType = sourcecode.swift; name = Constants.swift; path = GTownRadio/Constants.swift; sourceTree = SOURCE_ROOT; };
		4B17B05F218A51EA00B6F3A6 /* SettingsViewController.swift */ = {isa = PBXFileReference; lastKnownFileType = sourcecode.swift; name = SettingsViewController.swift; path = GTownRadio/SettingsViewController.swift; sourceTree = SOURCE_ROOT; };
		4B17B061218A70A200B6F3A6 /* UserDefaults_GTownExtension.swift */ = {isa = PBXFileReference; lastKnownFileType = sourcecode.swift; name = UserDefaults_GTownExtension.swift; path = GTownRadio/UserDefaults_GTownExtension.swift; sourceTree = SOURCE_ROOT; };
		4B2E98CE21582C9900DB8B2C /* Assets.xcassets */ = {isa = PBXFileReference; lastKnownFileType = folder.assetcatalog; name = Assets.xcassets; path = GTownRadio/Assets.xcassets; sourceTree = SOURCE_ROOT; };
		4B3019462143059800DD05D4 /* gtownradio.app */ = {isa = PBXFileReference; explicitFileType = wrapper.application; includeInIndex = 0; path = gtownradio.app; sourceTree = BUILT_PRODUCTS_DIR; };
		4B3019492143059800DD05D4 /* AppDelegate.swift */ = {isa = PBXFileReference; lastKnownFileType = sourcecode.swift; path = AppDelegate.swift; sourceTree = "<group>"; };
		4B30194B2143059800DD05D4 /* GTownViewController.swift */ = {isa = PBXFileReference; lastKnownFileType = sourcecode.swift; path = GTownViewController.swift; sourceTree = "<group>"; };
		4B3019502143059800DD05D4 /* Base */ = {isa = PBXFileReference; lastKnownFileType = file.storyboard; name = Base; path = Base.lproj/Main.storyboard; sourceTree = "<group>"; };
		4B3019552143059A00DD05D4 /* Base */ = {isa = PBXFileReference; lastKnownFileType = file.storyboard; name = Base; path = Base.lproj/LaunchScreen.storyboard; sourceTree = "<group>"; };
		4B3019572143059A00DD05D4 /* Info.plist */ = {isa = PBXFileReference; lastKnownFileType = text.plist.xml; path = Info.plist; sourceTree = "<group>"; };
		4B417D8D2157D7F5008F2262 /* StringExtension.swift */ = {isa = PBXFileReference; lastKnownFileType = sourcecode.swift; name = StringExtension.swift; path = GTownRadio/StringExtension.swift; sourceTree = SOURCE_ROOT; };
		4B417D8F215804CB008F2262 /* NowPlayingViewController.swift */ = {isa = PBXFileReference; lastKnownFileType = sourcecode.swift; name = NowPlayingViewController.swift; path = GTownRadio/NowPlayingViewController.swift; sourceTree = SOURCE_ROOT; };
		4B4C9DD52177A62900EB99A4 /* Base */ = {isa = PBXFileReference; lastKnownFileType = image.gif; name = Base; path = GTownRadio/Base.lproj/loading.gif; sourceTree = SOURCE_ROOT; };
		4B809165215B09A000C09471 /* SVGPlayButton.swift */ = {isa = PBXFileReference; fileEncoding = 4; lastKnownFileType = sourcecode.swift; path = SVGPlayButton.swift; sourceTree = "<group>"; };
		4B809166215B09A000C09471 /* README.md */ = {isa = PBXFileReference; fileEncoding = 4; lastKnownFileType = net.daringfireball.markdown; path = README.md; sourceTree = "<group>"; };
		4B8A019221865C2B00DFFAB9 /* LightNavController.swift */ = {isa = PBXFileReference; lastKnownFileType = sourcecode.swift; name = LightNavController.swift; path = GTownRadio/LightNavController.swift; sourceTree = SOURCE_ROOT; };
		4B8A01942186631300DFFAB9 /* MediaPlayer.framework */ = {isa = PBXFileReference; lastKnownFileType = wrapper.framework; name = MediaPlayer.framework; path = System/Library/Frameworks/MediaPlayer.framework; sourceTree = SDKROOT; };
		4BE9195C2147294F0034E739 /* NowPlayingTask.swift */ = {isa = PBXFileReference; fileEncoding = 4; lastKnownFileType = sourcecode.swift; name = NowPlayingTask.swift; path = GTownRadio/NowPlayingTask.swift; sourceTree = SOURCE_ROOT; };
		64C518F3102B071642C98990 /* libPods-gtowntv.a */ = {isa = PBXFileReference; explicitFileType = archive.ar; includeInIndex = 0; path = "libPods-gtowntv.a"; sourceTree = BUILT_PRODUCTS_DIR; };
		7526D5A39D7B23997515A4CA /* Pods-gtownradio.release.xcconfig */ = {isa = PBXFileReference; includeInIndex = 1; lastKnownFileType = text.xcconfig; name = "Pods-gtownradio.release.xcconfig"; path = "Pods/Target Support Files/Pods-gtownradio/Pods-gtownradio.release.xcconfig"; sourceTree = "<group>"; };
		BC30118A05E26BBA560F7A21 /* Pods-gtowntv.release.xcconfig */ = {isa = PBXFileReference; includeInIndex = 1; lastKnownFileType = text.xcconfig; name = "Pods-gtowntv.release.xcconfig"; path = "Pods/Target Support Files/Pods-gtowntv/Pods-gtowntv.release.xcconfig"; sourceTree = "<group>"; };
		BD657D3A45ECF000A77F9A27 /* Pods-gtownradio.debug.xcconfig */ = {isa = PBXFileReference; includeInIndex = 1; lastKnownFileType = text.xcconfig; name = "Pods-gtownradio.debug.xcconfig"; path = "Pods/Target Support Files/Pods-gtownradio/Pods-gtownradio.debug.xcconfig"; sourceTree = "<group>"; };
		E1B2D2A7A1FCD12E626B1F4B /* libPods-gtownradio.a */ = {isa = PBXFileReference; explicitFileType = archive.ar; includeInIndex = 0; path = "libPods-gtownradio.a"; sourceTree = BUILT_PRODUCTS_DIR; };
		FE42EB39EFDDF5D40E348D6E /* Pods-gtowntv.debug.xcconfig */ = {isa = PBXFileReference; includeInIndex = 1; lastKnownFileType = text.xcconfig; name = "Pods-gtowntv.debug.xcconfig"; path = "Pods/Target Support Files/Pods-gtowntv/Pods-gtowntv.debug.xcconfig"; sourceTree = "<group>"; };
/* End PBXFileReference section */

/* Begin PBXFrameworksBuildPhase section */
		4B173B8E21A5685B00010F90 /* Frameworks */ = {
			isa = PBXFrameworksBuildPhase;
			buildActionMask = 2147483647;
			files = (
				31FAF44CD077063C40D18960 /* libPods-gtowntv.a in Frameworks */,
			);
			runOnlyForDeploymentPostprocessing = 0;
		};
		4B3019432143059800DD05D4 /* Frameworks */ = {
			isa = PBXFrameworksBuildPhase;
			buildActionMask = 2147483647;
			files = (
				4B8A01952186631300DFFAB9 /* MediaPlayer.framework in Frameworks */,
				C5D25FC009221D1F1EA77B01 /* libPods-gtownradio.a in Frameworks */,
			);
			runOnlyForDeploymentPostprocessing = 0;
		};
/* End PBXFrameworksBuildPhase section */

/* Begin PBXGroup section */
		4B173B9221A5685B00010F90 /* gtowntv */ = {
			isa = PBXGroup;
			children = (
				4B173B9321A5685B00010F90 /* AppDelegate.swift */,
				4B173B9521A5685B00010F90 /* ViewController.swift */,
				4B173B9721A5685B00010F90 /* Main.storyboard */,
				4B173B9A21A5685C00010F90 /* Assets.xcassets */,
				4B173B9C21A5685C00010F90 /* Info.plist */,
			);
			path = gtowntv;
			sourceTree = "<group>";
		};
		4B30193D2143059800DD05D4 = {
			isa = PBXGroup;
			children = (
				4B3019482143059800DD05D4 /* gtownradio */,
				4B173B9221A5685B00010F90 /* gtowntv */,
				4B3019472143059800DD05D4 /* Products */,
				71D616BA8664C8A604A81E37 /* Frameworks */,
				F155D4FB359E4645E938621C /* Pods */,
			);
			sourceTree = "<group>";
		};
		4B3019472143059800DD05D4 /* Products */ = {
			isa = PBXGroup;
			children = (
				4B3019462143059800DD05D4 /* gtownradio.app */,
				4B173B9121A5685B00010F90 /* gtowntv.app */,
			);
			name = Products;
			sourceTree = "<group>";
		};
		4B3019482143059800DD05D4 /* gtownradio */ = {
			isa = PBXGroup;
			children = (
				4B17B05D218A4BB700B6F3A6 /* Constants.swift */,
				4B809164215B09A000C09471 /* SVGPlayButton */,
				4B2E98CE21582C9900DB8B2C /* Assets.xcassets */,
				4BE9195C2147294F0034E739 /* NowPlayingTask.swift */,
				4B0B6A6A2148983F008F1020 /* LastFM.swift */,
				4B3019492143059800DD05D4 /* AppDelegate.swift */,
				4B30194B2143059800DD05D4 /* GTownViewController.swift */,
				4B17B061218A70A200B6F3A6 /* UserDefaults_GTownExtension.swift */,
				4B417D8F215804CB008F2262 /* NowPlayingViewController.swift */,
				4B417D8D2157D7F5008F2262 /* StringExtension.swift */,
				4B17B05F218A51EA00B6F3A6 /* SettingsViewController.swift */,
				4B30194F2143059800DD05D4 /* Main.storyboard */,
				4B8A019221865C2B00DFFAB9 /* LightNavController.swift */,
				4B3019542143059A00DD05D4 /* LaunchScreen.storyboard */,
				4B4C9DD42177A62900EB99A4 /* loading.gif */,
				4B3019572143059A00DD05D4 /* Info.plist */,
			);
			path = gtownradio;
			sourceTree = "<group>";
		};
		4B809164215B09A000C09471 /* SVGPlayButton */ = {
			isa = PBXGroup;
			children = (
				4B809165215B09A000C09471 /* SVGPlayButton.swift */,
				4B809166215B09A000C09471 /* README.md */,
			);
			name = SVGPlayButton;
			path = GTownRadio/SVGPlayButton;
			sourceTree = SOURCE_ROOT;
		};
		71D616BA8664C8A604A81E37 /* Frameworks */ = {
			isa = PBXGroup;
			children = (
				4B8A01942186631300DFFAB9 /* MediaPlayer.framework */,
				E1B2D2A7A1FCD12E626B1F4B /* libPods-gtownradio.a */,
				64C518F3102B071642C98990 /* libPods-gtowntv.a */,
			);
			name = Frameworks;
			sourceTree = "<group>";
		};
		F155D4FB359E4645E938621C /* Pods */ = {
			isa = PBXGroup;
			children = (
				BD657D3A45ECF000A77F9A27 /* Pods-gtownradio.debug.xcconfig */,
				7526D5A39D7B23997515A4CA /* Pods-gtownradio.release.xcconfig */,
				FE42EB39EFDDF5D40E348D6E /* Pods-gtowntv.debug.xcconfig */,
				BC30118A05E26BBA560F7A21 /* Pods-gtowntv.release.xcconfig */,
			);
			name = Pods;
			sourceTree = "<group>";
		};
/* End PBXGroup section */

/* Begin PBXNativeTarget section */
		4B173B9021A5685B00010F90 /* gtowntv */ = {
			isa = PBXNativeTarget;
			buildConfigurationList = 4B173B9F21A5685C00010F90 /* Build configuration list for PBXNativeTarget "gtowntv" */;
			buildPhases = (
				4E77501D4646C86151DAF567 /* [CP] Check Pods Manifest.lock */,
				4B173B8D21A5685B00010F90 /* Sources */,
				4B173B8E21A5685B00010F90 /* Frameworks */,
				4B173B8F21A5685B00010F90 /* Resources */,
			);
			buildRules = (
			);
			dependencies = (
			);
			name = gtowntv;
			productName = gtowntv;
			productReference = 4B173B9121A5685B00010F90 /* gtowntv.app */;
			productType = "com.apple.product-type.application";
		};
		4B3019452143059800DD05D4 /* gtownradio */ = {
			isa = PBXNativeTarget;
			buildConfigurationList = 4B30195A2143059A00DD05D4 /* Build configuration list for PBXNativeTarget "gtownradio" */;
			buildPhases = (
				CC16E8C854834E3F60334B0D /* [CP] Check Pods Manifest.lock */,
				4B3019422143059800DD05D4 /* Sources */,
				4B3019432143059800DD05D4 /* Frameworks */,
				4B3019442143059800DD05D4 /* Resources */,
			);
			buildRules = (
			);
			dependencies = (
			);
			name = gtownradio;
			productName = gtownradio;
			productReference = 4B3019462143059800DD05D4 /* gtownradio.app */;
			productType = "com.apple.product-type.application";
		};
/* End PBXNativeTarget section */

/* Begin PBXProject section */
		4B30193E2143059800DD05D4 /* Project object */ = {
			isa = PBXProject;
			attributes = {
				LastSwiftUpdateCheck = 0940;
				LastUpgradeCheck = 0940;
				ORGANIZATIONNAME = "Samuel Maffei";
				TargetAttributes = {
					4B173B9021A5685B00010F90 = {
						CreatedOnToolsVersion = 9.4.1;
					};
					4B3019452143059800DD05D4 = {
						CreatedOnToolsVersion = 9.4.1;
						SystemCapabilities = {
							com.apple.BackgroundModes = {
								enabled = 1;
							};
						};
					};
				};
			};
			buildConfigurationList = 4B3019412143059800DD05D4 /* Build configuration list for PBXProject "gtownradio" */;
			compatibilityVersion = "Xcode 9.3";
			developmentRegion = en;
			hasScannedForEncodings = 0;
			knownRegions = (
				en,
				Base,
			);
			mainGroup = 4B30193D2143059800DD05D4;
			productRefGroup = 4B3019472143059800DD05D4 /* Products */;
			projectDirPath = "";
			projectRoot = "";
			targets = (
				4B3019452143059800DD05D4 /* gtownradio */,
				4B173B9021A5685B00010F90 /* gtowntv */,
			);
		};
/* End PBXProject section */

/* Begin PBXResourcesBuildPhase section */
		4B173B8F21A5685B00010F90 /* Resources */ = {
			isa = PBXResourcesBuildPhase;
			buildActionMask = 2147483647;
			files = (
				4B173B9B21A5685C00010F90 /* Assets.xcassets in Resources */,
				4B173B9921A5685B00010F90 /* Main.storyboard in Resources */,
			);
			runOnlyForDeploymentPostprocessing = 0;
		};
		4B3019442143059800DD05D4 /* Resources */ = {
			isa = PBXResourcesBuildPhase;
			buildActionMask = 2147483647;
			files = (
				4B3019562143059A00DD05D4 /* LaunchScreen.storyboard in Resources */,
				4B2E98CF21582C9900DB8B2C /* Assets.xcassets in Resources */,
				4B4C9DD62177A62900EB99A4 /* loading.gif in Resources */,
				4B80916A215B09A000C09471 /* README.md in Resources */,
				4B3019512143059800DD05D4 /* Main.storyboard in Resources */,
			);
			runOnlyForDeploymentPostprocessing = 0;
		};
/* End PBXResourcesBuildPhase section */

/* Begin PBXShellScriptBuildPhase section */
		4E77501D4646C86151DAF567 /* [CP] Check Pods Manifest.lock */ = {
			isa = PBXShellScriptBuildPhase;
			buildActionMask = 2147483647;
			files = (
			);
			inputFileListPaths = (
			);
			inputPaths = (
				"${PODS_PODFILE_DIR_PATH}/Podfile.lock",
				"${PODS_ROOT}/Manifest.lock",
			);
			name = "[CP] Check Pods Manifest.lock";
			outputFileListPaths = (
			);
			outputPaths = (
				"$(DERIVED_FILE_DIR)/Pods-gtowntv-checkManifestLockResult.txt",
			);
			runOnlyForDeploymentPostprocessing = 0;
			shellPath = /bin/sh;
			shellScript = "diff \"${PODS_PODFILE_DIR_PATH}/Podfile.lock\" \"${PODS_ROOT}/Manifest.lock\" > /dev/null\nif [ $? != 0 ] ; then\n    # print error to STDERR\n    echo \"error: The sandbox is not in sync with the Podfile.lock. Run 'pod install' or update your CocoaPods installation.\" >&2\n    exit 1\nfi\n# This output is used by Xcode 'outputs' to avoid re-running this script phase.\necho \"SUCCESS\" > \"${SCRIPT_OUTPUT_FILE_0}\"\n";
			showEnvVarsInLog = 0;
		};
		CC16E8C854834E3F60334B0D /* [CP] Check Pods Manifest.lock */ = {
			isa = PBXShellScriptBuildPhase;
			buildActionMask = 2147483647;
			files = (
			);
			inputFileListPaths = (
			);
			inputPaths = (
				"${PODS_PODFILE_DIR_PATH}/Podfile.lock",
				"${PODS_ROOT}/Manifest.lock",
			);
			name = "[CP] Check Pods Manifest.lock";
			outputFileListPaths = (
			);
			outputPaths = (
				"$(DERIVED_FILE_DIR)/Pods-gtownradio-checkManifestLockResult.txt",
			);
			runOnlyForDeploymentPostprocessing = 0;
			shellPath = /bin/sh;
			shellScript = "diff \"${PODS_PODFILE_DIR_PATH}/Podfile.lock\" \"${PODS_ROOT}/Manifest.lock\" > /dev/null\nif [ $? != 0 ] ; then\n    # print error to STDERR\n    echo \"error: The sandbox is not in sync with the Podfile.lock. Run 'pod install' or update your CocoaPods installation.\" >&2\n    exit 1\nfi\n# This output is used by Xcode 'outputs' to avoid re-running this script phase.\necho \"SUCCESS\" > \"${SCRIPT_OUTPUT_FILE_0}\"\n";
			showEnvVarsInLog = 0;
		};
/* End PBXShellScriptBuildPhase section */

/* Begin PBXSourcesBuildPhase section */
		4B173B8D21A5685B00010F90 /* Sources */ = {
			isa = PBXSourcesBuildPhase;
			buildActionMask = 2147483647;
			files = (
				4B173B9621A5685B00010F90 /* ViewController.swift in Sources */,
				4B173B9421A5685B00010F90 /* AppDelegate.swift in Sources */,
			);
			runOnlyForDeploymentPostprocessing = 0;
		};
		4B3019422143059800DD05D4 /* Sources */ = {
			isa = PBXSourcesBuildPhase;
			buildActionMask = 2147483647;
			files = (
				4B809169215B09A000C09471 /* SVGPlayButton.swift in Sources */,
				4B30194A2143059800DD05D4 /* AppDelegate.swift in Sources */,
				4B417D8E2157D7F5008F2262 /* StringExtension.swift in Sources */,
				4B17B060218A51EA00B6F3A6 /* SettingsViewController.swift in Sources */,
				4BE9195D2147294F0034E739 /* NowPlayingTask.swift in Sources */,
				4B8A019321865C2B00DFFAB9 /* LightNavController.swift in Sources */,
				4B30194C2143059800DD05D4 /* GTownViewController.swift in Sources */,
				4B17B062218A70A200B6F3A6 /* UserDefaults_GTownExtension.swift in Sources */,
				4B417D90215804CB008F2262 /* NowPlayingViewController.swift in Sources */,
				4B0B6A6B2148983F008F1020 /* LastFM.swift in Sources */,
				4B17B05E218A4BB700B6F3A6 /* Constants.swift in Sources */,
			);
			runOnlyForDeploymentPostprocessing = 0;
		};
/* End PBXSourcesBuildPhase section */

/* Begin PBXVariantGroup section */
		4B173B9721A5685B00010F90 /* Main.storyboard */ = {
			isa = PBXVariantGroup;
			children = (
				4B173B9821A5685B00010F90 /* Base */,
			);
			name = Main.storyboard;
			sourceTree = "<group>";
		};
		4B30194F2143059800DD05D4 /* Main.storyboard */ = {
			isa = PBXVariantGroup;
			children = (
				4B3019502143059800DD05D4 /* Base */,
			);
			name = Main.storyboard;
			sourceTree = "<group>";
		};
		4B3019542143059A00DD05D4 /* LaunchScreen.storyboard */ = {
			isa = PBXVariantGroup;
			children = (
				4B3019552143059A00DD05D4 /* Base */,
			);
			name = LaunchScreen.storyboard;
			sourceTree = "<group>";
		};
		4B4C9DD42177A62900EB99A4 /* loading.gif */ = {
			isa = PBXVariantGroup;
			children = (
				4B4C9DD52177A62900EB99A4 /* Base */,
			);
			name = loading.gif;
			sourceTree = "<group>";
		};
/* End PBXVariantGroup section */

/* Begin XCBuildConfiguration section */
		4B173B9D21A5685C00010F90 /* Debug */ = {
			isa = XCBuildConfiguration;
			baseConfigurationReference = FE42EB39EFDDF5D40E348D6E /* Pods-gtowntv.debug.xcconfig */;
			buildSettings = {
				ASSETCATALOG_COMPILER_APPICON_NAME = "App Icon & Top Shelf Image";
				ASSETCATALOG_COMPILER_LAUNCHIMAGE_NAME = LaunchImage;
				CODE_SIGN_STYLE = Automatic;
				DEVELOPMENT_TEAM = BB7XDTTD86;
				INFOPLIST_FILE = gtowntv/Info.plist;
				LD_RUNPATH_SEARCH_PATHS = (
					"$(inherited)",
					"@executable_path/Frameworks",
				);
				PRODUCT_BUNDLE_IDENTIFIER = com.sammaffei.gtowntv;
				PRODUCT_NAME = "$(TARGET_NAME)";
				SDKROOT = appletvos;
				SWIFT_VERSION = 4.0;
				TARGETED_DEVICE_FAMILY = 3;
				TVOS_DEPLOYMENT_TARGET = 11.4;
			};
			name = Debug;
		};
		4B173B9E21A5685C00010F90 /* Release */ = {
			isa = XCBuildConfiguration;
			baseConfigurationReference = BC30118A05E26BBA560F7A21 /* Pods-gtowntv.release.xcconfig */;
			buildSettings = {
				ASSETCATALOG_COMPILER_APPICON_NAME = "App Icon & Top Shelf Image";
				ASSETCATALOG_COMPILER_LAUNCHIMAGE_NAME = LaunchImage;
				CODE_SIGN_STYLE = Automatic;
				DEVELOPMENT_TEAM = BB7XDTTD86;
				INFOPLIST_FILE = gtowntv/Info.plist;
				LD_RUNPATH_SEARCH_PATHS = (
					"$(inherited)",
					"@executable_path/Frameworks",
				);
				PRODUCT_BUNDLE_IDENTIFIER = com.sammaffei.gtowntv;
				PRODUCT_NAME = "$(TARGET_NAME)";
				SDKROOT = appletvos;
				SWIFT_VERSION = 4.0;
				TARGETED_DEVICE_FAMILY = 3;
				TVOS_DEPLOYMENT_TARGET = 11.4;
			};
			name = Release;
		};
		4B3019582143059A00DD05D4 /* Debug */ = {
			isa = XCBuildConfiguration;
			buildSettings = {
				ALWAYS_SEARCH_USER_PATHS = NO;
				CLANG_ANALYZER_NONNULL = YES;
				CLANG_ANALYZER_NUMBER_OBJECT_CONVERSION = YES_AGGRESSIVE;
				CLANG_CXX_LANGUAGE_STANDARD = "gnu++14";
				CLANG_CXX_LIBRARY = "libc++";
				CLANG_ENABLE_MODULES = YES;
				CLANG_ENABLE_OBJC_ARC = YES;
				CLANG_ENABLE_OBJC_WEAK = YES;
				CLANG_WARN_BLOCK_CAPTURE_AUTORELEASING = YES;
				CLANG_WARN_BOOL_CONVERSION = YES;
				CLANG_WARN_COMMA = YES;
				CLANG_WARN_CONSTANT_CONVERSION = YES;
				CLANG_WARN_DEPRECATED_OBJC_IMPLEMENTATIONS = YES;
				CLANG_WARN_DIRECT_OBJC_ISA_USAGE = YES_ERROR;
				CLANG_WARN_DOCUMENTATION_COMMENTS = YES;
				CLANG_WARN_EMPTY_BODY = YES;
				CLANG_WARN_ENUM_CONVERSION = YES;
				CLANG_WARN_INFINITE_RECURSION = YES;
				CLANG_WARN_INT_CONVERSION = YES;
				CLANG_WARN_NON_LITERAL_NULL_CONVERSION = YES;
				CLANG_WARN_OBJC_IMPLICIT_RETAIN_SELF = YES;
				CLANG_WARN_OBJC_LITERAL_CONVERSION = YES;
				CLANG_WARN_OBJC_ROOT_CLASS = YES_ERROR;
				CLANG_WARN_RANGE_LOOP_ANALYSIS = YES;
				CLANG_WARN_STRICT_PROTOTYPES = YES;
				CLANG_WARN_SUSPICIOUS_MOVE = YES;
				CLANG_WARN_UNGUARDED_AVAILABILITY = YES_AGGRESSIVE;
				CLANG_WARN_UNREACHABLE_CODE = YES;
				CLANG_WARN__DUPLICATE_METHOD_MATCH = YES;
				CODE_SIGN_IDENTITY = "iPhone Developer";
				COPY_PHASE_STRIP = NO;
				DEBUG_INFORMATION_FORMAT = dwarf;
				ENABLE_STRICT_OBJC_MSGSEND = YES;
				ENABLE_TESTABILITY = YES;
				GCC_C_LANGUAGE_STANDARD = gnu11;
				GCC_DYNAMIC_NO_PIC = NO;
				GCC_NO_COMMON_BLOCKS = YES;
				GCC_OPTIMIZATION_LEVEL = 0;
				GCC_PREPROCESSOR_DEFINITIONS = (
					"DEBUG=1",
					"$(inherited)",
				);
				GCC_WARN_64_TO_32_BIT_CONVERSION = YES;
				GCC_WARN_ABOUT_RETURN_TYPE = YES_ERROR;
				GCC_WARN_UNDECLARED_SELECTOR = YES;
				GCC_WARN_UNINITIALIZED_AUTOS = YES_AGGRESSIVE;
				GCC_WARN_UNUSED_FUNCTION = YES;
				GCC_WARN_UNUSED_VARIABLE = YES;
				IPHONEOS_DEPLOYMENT_TARGET = 11.4;
				MTL_ENABLE_DEBUG_INFO = YES;
				ONLY_ACTIVE_ARCH = YES;
				SDKROOT = iphoneos;
				SWIFT_ACTIVE_COMPILATION_CONDITIONS = DEBUG;
				SWIFT_OPTIMIZATION_LEVEL = "-Onone";
			};
			name = Debug;
		};
		4B3019592143059A00DD05D4 /* Release */ = {
			isa = XCBuildConfiguration;
			buildSettings = {
				ALWAYS_SEARCH_USER_PATHS = NO;
				CLANG_ANALYZER_NONNULL = YES;
				CLANG_ANALYZER_NUMBER_OBJECT_CONVERSION = YES_AGGRESSIVE;
				CLANG_CXX_LANGUAGE_STANDARD = "gnu++14";
				CLANG_CXX_LIBRARY = "libc++";
				CLANG_ENABLE_MODULES = YES;
				CLANG_ENABLE_OBJC_ARC = YES;
				CLANG_ENABLE_OBJC_WEAK = YES;
				CLANG_WARN_BLOCK_CAPTURE_AUTORELEASING = YES;
				CLANG_WARN_BOOL_CONVERSION = YES;
				CLANG_WARN_COMMA = YES;
				CLANG_WARN_CONSTANT_CONVERSION = YES;
				CLANG_WARN_DEPRECATED_OBJC_IMPLEMENTATIONS = YES;
				CLANG_WARN_DIRECT_OBJC_ISA_USAGE = YES_ERROR;
				CLANG_WARN_DOCUMENTATION_COMMENTS = YES;
				CLANG_WARN_EMPTY_BODY = YES;
				CLANG_WARN_ENUM_CONVERSION = YES;
				CLANG_WARN_INFINITE_RECURSION = YES;
				CLANG_WARN_INT_CONVERSION = YES;
				CLANG_WARN_NON_LITERAL_NULL_CONVERSION = YES;
				CLANG_WARN_OBJC_IMPLICIT_RETAIN_SELF = YES;
				CLANG_WARN_OBJC_LITERAL_CONVERSION = YES;
				CLANG_WARN_OBJC_ROOT_CLASS = YES_ERROR;
				CLANG_WARN_RANGE_LOOP_ANALYSIS = YES;
				CLANG_WARN_STRICT_PROTOTYPES = YES;
				CLANG_WARN_SUSPICIOUS_MOVE = YES;
				CLANG_WARN_UNGUARDED_AVAILABILITY = YES_AGGRESSIVE;
				CLANG_WARN_UNREACHABLE_CODE = YES;
				CLANG_WARN__DUPLICATE_METHOD_MATCH = YES;
				CODE_SIGN_IDENTITY = "iPhone Developer";
				COPY_PHASE_STRIP = NO;
				DEBUG_INFORMATION_FORMAT = "dwarf-with-dsym";
				ENABLE_NS_ASSERTIONS = NO;
				ENABLE_STRICT_OBJC_MSGSEND = YES;
				GCC_C_LANGUAGE_STANDARD = gnu11;
				GCC_NO_COMMON_BLOCKS = YES;
				GCC_WARN_64_TO_32_BIT_CONVERSION = YES;
				GCC_WARN_ABOUT_RETURN_TYPE = YES_ERROR;
				GCC_WARN_UNDECLARED_SELECTOR = YES;
				GCC_WARN_UNINITIALIZED_AUTOS = YES_AGGRESSIVE;
				GCC_WARN_UNUSED_FUNCTION = YES;
				GCC_WARN_UNUSED_VARIABLE = YES;
				IPHONEOS_DEPLOYMENT_TARGET = 11.4;
				MTL_ENABLE_DEBUG_INFO = NO;
				SDKROOT = iphoneos;
				SWIFT_COMPILATION_MODE = wholemodule;
				SWIFT_OPTIMIZATION_LEVEL = "-O";
				VALIDATE_PRODUCT = YES;
			};
			name = Release;
		};
		4B30195B2143059A00DD05D4 /* Debug */ = {
			isa = XCBuildConfiguration;
			baseConfigurationReference = BD657D3A45ECF000A77F9A27 /* Pods-gtownradio.debug.xcconfig */;
			buildSettings = {
				ASSETCATALOG_COMPILER_APPICON_NAME = AppIcon;
				CODE_SIGN_STYLE = Automatic;
				DEVELOPMENT_TEAM = BB7XDTTD86;
				INFOPLIST_FILE = gtownradio/Info.plist;
				IPHONEOS_DEPLOYMENT_TARGET = 9.0;
				LD_RUNPATH_SEARCH_PATHS = (
					"$(inherited)",
					"@executable_path/Frameworks",
				);
				PRODUCT_BUNDLE_IDENTIFIER = com.sammaffei.gtownradio;
				PRODUCT_NAME = "$(TARGET_NAME)";
				SWIFT_VERSION = 4.0;
				TARGETED_DEVICE_FAMILY = 1;
			};
			name = Debug;
		};
		4B30195C2143059A00DD05D4 /* Release */ = {
			isa = XCBuildConfiguration;
			baseConfigurationReference = 7526D5A39D7B23997515A4CA /* Pods-gtownradio.release.xcconfig */;
			buildSettings = {
				ASSETCATALOG_COMPILER_APPICON_NAME = AppIcon;
				CODE_SIGN_STYLE = Automatic;
				DEVELOPMENT_TEAM = BB7XDTTD86;
				INFOPLIST_FILE = gtownradio/Info.plist;
				IPHONEOS_DEPLOYMENT_TARGET = 9.0;
				LD_RUNPATH_SEARCH_PATHS = (
					"$(inherited)",
					"@executable_path/Frameworks",
				);
				PRODUCT_BUNDLE_IDENTIFIER = com.sammaffei.gtownradio;
				PRODUCT_NAME = "$(TARGET_NAME)";
				SWIFT_VERSION = 4.0;
				TARGETED_DEVICE_FAMILY = 1;
			};
			name = Release;
		};
/* End XCBuildConfiguration section */

/* Begin XCConfigurationList section */
		4B173B9F21A5685C00010F90 /* Build configuration list for PBXNativeTarget "gtowntv" */ = {
			isa = XCConfigurationList;
			buildConfigurations = (
				4B173B9D21A5685C00010F90 /* Debug */,
				4B173B9E21A5685C00010F90 /* Release */,
			);
			defaultConfigurationIsVisible = 0;
			defaultConfigurationName = Release;
		};
		4B3019412143059800DD05D4 /* Build configuration list for PBXProject "gtownradio" */ = {
			isa = XCConfigurationList;
			buildConfigurations = (
				4B3019582143059A00DD05D4 /* Debug */,
				4B3019592143059A00DD05D4 /* Release */,
			);
			defaultConfigurationIsVisible = 0;
			defaultConfigurationName = Release;
		};
		4B30195A2143059A00DD05D4 /* Build configuration list for PBXNativeTarget "gtownradio" */ = {
			isa = XCConfigurationList;
			buildConfigurations = (
				4B30195B2143059A00DD05D4 /* Debug */,
				4B30195C2143059A00DD05D4 /* Release */,
			);
			defaultConfigurationIsVisible = 0;
			defaultConfigurationName = Release;
		};
/* End XCConfigurationList section */
	};
	rootObject = 4B30193E2143059800DD05D4 /* Project object */;
}
